{
  "name": "PointyPal",
  "lockfileVersion": 3,
  "requires": true,
  "packages": {
    "": {
      "devDependencies": {
        "@cloudflare/workers-types": "^4.20260426.1"
      }
    },
    "node_modules/@cloudflare/workers-types": {
      "version": "4.20260426.1",
      "resolved": "https://registry.npmjs.org/@cloudflare/workers-types/-/workers-types-4.20260426.1.tgz",
      "integrity": "sha512-cBYeQaWwv/jFV8ualmwp6wIxmAf0rDe2DPPQwPbslKmPHqgv861YpAvm45r05K40QboZgxNQVIPgNkmtHqZeJQ==",
      "dev": true,
      "license": "MIT OR Apache-2.0"
    }
  }
}
